
Microsoft Visual Studio Solution File, Format Version 12.00
# Visual Studio Version 16
VisualStudioVersion = 16.0.31702.278
MinimumVisualStudioVersion = 10.0.40219.1
Project("{9A19103F-16F7-4668-BE54-9A1E7A4F7556}") = "OOP", "Exceptions.csproj", "{EAD6BCCF-2379-483D-B432-F8942F1103FA}"
EndProject
Global
	GlobalSection(SolutionConfigurationPlatforms) = preSolution
		Debug|Any CPU = Debug|Any CPU
		Release|Any CPU = Release|Any CPU
	EndGlobalSection
	GlobalSection(ProjectConfigurationPlatforms) = postSolution
		{EAD6BCCF-2379-483D-B432-F8942F1103FA}.Debug|Any CPU.ActiveCfg = Debug|Any CPU
		{EAD6BCCF-2379-483D-B432-F8942F1103FA}.Debug|Any CPU.Build.0 = Debug|Any CPU
		{EAD6BCCF-2379-483D-B432-F8942F1103FA}.Release|Any CPU.ActiveCfg = Release|Any CPU
		{EAD6BCCF-2379-483D-B432-F8942F1103FA}.Release|Any CPU.Build.0 = Release|Any CPU
	EndGlobalSection
	GlobalSection(SolutionProperties) = preSolution
		HideSolutionNode = FALSE
	EndGlobalSection
	GlobalSection(ExtensibilityGlobals) = postSolution
		SolutionGuid = {D57DEB63-8BD1-4D7E-AF35-8B227DE90C92}
	EndGlobalSection
EndGlobal
